// !$*UTF8*$!
{
	archiveVersion = 1;
	classes = {
	};
	objectVersion = 50;
	objects = {

/* Begin PBXBuildFile section */
		99DFCCFB24E58B28009B196A /* AppDelegate.swift in Sources */ = {isa = PBXBuildFile; fileRef = 99DFCCFA24E58B28009B196A /* AppDelegate.swift */; };
		99DFCCFD24E58B28009B196A /* SceneDelegate.swift in Sources */ = {isa = PBXBuildFile; fileRef = 99DFCCFC24E58B28009B196A /* SceneDelegate.swift */; };
		99DFCCFF24E58B28009B196A /* ViewController.swift in Sources */ = {isa = PBXBuildFile; fileRef = 99DFCCFE24E58B28009B196A /* ViewController.swift */; };
		99DFCD0224E58B28009B196A /* Main.storyboard in Resources */ = {isa = PBXBuildFile; fileRef = 99DFCD0024E58B28009B196A /* Main.storyboard */; };
		99DFCD0424E58B2A009B196A /* Assets.xcassets in Resources */ = {isa = PBXBuildFile; fileRef = 99DFCD0324E58B2A009B196A /* Assets.xcassets */; };
		99DFCD0724E58B2A009B196A /* LaunchScreen.storyboard in Resources */ = {isa = PBXBuildFile; fileRef = 99DFCD0524E58B2A009B196A /* LaunchScreen.storyboard */; };
		99DFCD1224E58B2A009B196A /* ToDoAppTests.swift in Sources */ = {isa = PBXBuildFile; fileRef = 99DFCD1124E58B2A009B196A /* ToDoAppTests.swift */; };
		99DFCD1D24E58B2A009B196A /* ToDoAppUITests.swift in Sources */ = {isa = PBXBuildFile; fileRef = 99DFCD1C24E58B2A009B196A /* ToDoAppUITests.swift */; };
		99DFCD2F24E58CD9009B196A /* TaskTests.swift in Sources */ = {isa = PBXBuildFile; fileRef = 99DFCD2E24E58CD9009B196A /* TaskTests.swift */; };
		99DFCD3224E58D73009B196A /* Task.swift in Sources */ = {isa = PBXBuildFile; fileRef = 99DFCD3124E58D73009B196A /* Task.swift */; };
		99DFCD3424E59062009B196A /* Location.swift in Sources */ = {isa = PBXBuildFile; fileRef = 99DFCD3324E59062009B196A /* Location.swift */; };
		99DFCD3624E59172009B196A /* LocationTests.swift in Sources */ = {isa = PBXBuildFile; fileRef = 99DFCD3524E59172009B196A /* LocationTests.swift */; };
/* End PBXBuildFile section */

/* Begin PBXContainerItemProxy section */
		99DFCD0E24E58B2A009B196A /* PBXContainerItemProxy */ = {
			isa = PBXContainerItemProxy;
			containerPortal = 99DFCCEF24E58B28009B196A /* Project object */;
			proxyType = 1;
			remoteGlobalIDString = 99DFCCF624E58B28009B196A;
			remoteInfo = ToDoApp;
		};
		99DFCD1924E58B2A009B196A /* PBXContainerItemProxy */ = {
			isa = PBXContainerItemProxy;
			containerPortal = 99DFCCEF24E58B28009B196A /* Project object */;
			proxyType = 1;
			remoteGlobalIDString = 99DFCCF624E58B28009B196A;
			remoteInfo = ToDoApp;
		};
/* End PBXContainerItemProxy section */

/* Begin PBXFileReference section */
		99DFCCF724E58B28009B196A /* ToDoApp.app */ = {isa = PBXFileReference; explicitFileType = wrapper.application; includeInIndex = 0; path = ToDoApp.app; sourceTree = BUILT_PRODUCTS_DIR; };
		99DFCCFA24E58B28009B196A /* AppDelegate.swift */ = {isa = PBXFileReference; lastKnownFileType = sourcecode.swift; path = AppDelegate.swift; sourceTree = "<group>"; };
		99DFCCFC24E58B28009B196A /* SceneDelegate.swift */ = {isa = PBXFileReference; lastKnownFileType = sourcecode.swift; path = SceneDelegate.swift; sourceTree = "<group>"; };
		99DFCCFE24E58B28009B196A /* ViewController.swift */ = {isa = PBXFileReference; lastKnownFileType = sourcecode.swift; path = ViewController.swift; sourceTree = "<group>"; };
		99DFCD0124E58B28009B196A /* Base */ = {isa = PBXFileReference; lastKnownFileType = file.storyboard; name = Base; path = Base.lproj/Main.storyboard; sourceTree = "<group>"; };
		99DFCD0324E58B2A009B196A /* Assets.xcassets */ = {isa = PBXFileReference; lastKnownFileType = folder.assetcatalog; path = Assets.xcassets; sourceTree = "<group>"; };
		99DFCD0624E58B2A009B196A /* Base */ = {isa = PBXFileReference; lastKnownFileType = file.storyboard; name = Base; path = Base.lproj/LaunchScreen.storyboard; sourceTree = "<group>"; };
		99DFCD0824E58B2A009B196A /* Info.plist */ = {isa = PBXFileReference; lastKnownFileType = text.plist.xml; path = Info.plist; sourceTree = "<group>"; };
		99DFCD0D24E58B2A009B196A /* ToDoAppTests.xctest */ = {isa = PBXFileReference; explicitFileType = wrapper.cfbundle; includeInIndex = 0; path = ToDoAppTests.xctest; sourceTree = BUILT_PRODUCTS_DIR; };
		99DFCD1124E58B2A009B196A /* ToDoAppTests.swift */ = {isa = PBXFileReference; lastKnownFileType = sourcecode.swift; path = ToDoAppTests.swift; sourceTree = "<group>"; };
		99DFCD1324E58B2A009B196A /* Info.plist */ = {isa = PBXFileReference; lastKnownFileType = text.plist.xml; path = Info.plist; sourceTree = "<group>"; };
		99DFCD1824E58B2A009B196A /* ToDoAppUITests.xctest */ = {isa = PBXFileReference; explicitFileType = wrapper.cfbundle; includeInIndex = 0; path = ToDoAppUITests.xctest; sourceTree = BUILT_PRODUCTS_DIR; };
		99DFCD1C24E58B2A009B196A /* ToDoAppUITests.swift */ = {isa = PBXFileReference; lastKnownFileType = sourcecode.swift; path = ToDoAppUITests.swift; sourceTree = "<group>"; };
		99DFCD1E24E58B2A009B196A /* Info.plist */ = {isa = PBXFileReference; lastKnownFileType = text.plist.xml; path = Info.plist; sourceTree = "<group>"; };
		99DFCD2E24E58CD9009B196A /* TaskTests.swift */ = {isa = PBXFileReference; lastKnownFileType = sourcecode.swift; path = TaskTests.swift; sourceTree = "<group>"; };
		99DFCD3124E58D73009B196A /* Task.swift */ = {isa = PBXFileReference; lastKnownFileType = sourcecode.swift; path = Task.swift; sourceTree = "<group>"; };
		99DFCD3324E59062009B196A /* Location.swift */ = {isa = PBXFileReference; lastKnownFileType = sourcecode.swift; path = Location.swift; sourceTree = "<group>"; };
		99DFCD3524E59172009B196A /* LocationTests.swift */ = {isa = PBXFileReference; lastKnownFileType = sourcecode.swift; path = LocationTests.swift; sourceTree = "<group>"; };
/* End PBXFileReference section */

/* Begin PBXFrameworksBuildPhase section */
		99DFCCF424E58B28009B196A /* Frameworks */ = {
			isa = PBXFrameworksBuildPhase;
			buildActionMask = 2147483647;
			files = (
			);
			runOnlyForDeploymentPostprocessing = 0;
		};
		99DFCD0A24E58B2A009B196A /* Frameworks */ = {
			isa = PBXFrameworksBuildPhase;
			buildActionMask = 2147483647;
			files = (
			);
			runOnlyForDeploymentPostprocessing = 0;
		};
		99DFCD1524E58B2A009B196A /* Frameworks */ = {
			isa = PBXFrameworksBuildPhase;
			buildActionMask = 2147483647;
			files = (
			);
			runOnlyForDeploymentPostprocessing = 0;
		};
/* End PBXFrameworksBuildPhase section */

/* Begin PBXGroup section */
		99DFCCEE24E58B28009B196A = {
			isa = PBXGroup;
			children = (
				99DFCCF924E58B28009B196A /* ToDoApp */,
				99DFCD1024E58B2A009B196A /* ToDoAppTests */,
				99DFCD1B24E58B2A009B196A /* ToDoAppUITests */,
				99DFCCF824E58B28009B196A /* Products */,
			);
			sourceTree = "<group>";
			usesTabs = 1;
		};
		99DFCCF824E58B28009B196A /* Products */ = {
			isa = PBXGroup;
			children = (
				99DFCCF724E58B28009B196A /* ToDoApp.app */,
				99DFCD0D24E58B2A009B196A /* ToDoAppTests.xctest */,
				99DFCD1824E58B2A009B196A /* ToDoAppUITests.xctest */,
			);
			name = Products;
			sourceTree = "<group>";
		};
		99DFCCF924E58B28009B196A /* ToDoApp */ = {
			isa = PBXGroup;
			children = (
				99DFCD2C24E58C1F009B196A /* Controller */,
				99DFCD2B24E58C19009B196A /* View */,
				99DFCD2A24E58C11009B196A /* Model */,
				99DFCD2D24E58C3A009B196A /* Supporting */,
				99DFCD0824E58B2A009B196A /* Info.plist */,
			);
			path = ToDoApp;
			sourceTree = "<group>";
		};
		99DFCD1024E58B2A009B196A /* ToDoAppTests */ = {
			isa = PBXGroup;
			children = (
				99DFCD1124E58B2A009B196A /* ToDoAppTests.swift */,
				99DFCD1324E58B2A009B196A /* Info.plist */,
				99DFCD3024E58CDF009B196A /* Model */,
			);
			path = ToDoAppTests;
			sourceTree = "<group>";
			usesTabs = 1;
		};
		99DFCD1B24E58B2A009B196A /* ToDoAppUITests */ = {
			isa = PBXGroup;
			children = (
				99DFCD1C24E58B2A009B196A /* ToDoAppUITests.swift */,
				99DFCD1E24E58B2A009B196A /* Info.plist */,
			);
			path = ToDoAppUITests;
			sourceTree = "<group>";
		};
		99DFCD2A24E58C11009B196A /* Model */ = {
			isa = PBXGroup;
			children = (
				99DFCD3124E58D73009B196A /* Task.swift */,
				99DFCD3324E59062009B196A /* Location.swift */,
			);
			path = Model;
			sourceTree = "<group>";
		};
		99DFCD2B24E58C19009B196A /* View */ = {
			isa = PBXGroup;
			children = (
			);
			path = View;
			sourceTree = "<group>";
		};
		99DFCD2C24E58C1F009B196A /* Controller */ = {
			isa = PBXGroup;
			children = (
				99DFCCFE24E58B28009B196A /* ViewController.swift */,
			);
			path = Controller;
			sourceTree = "<group>";
		};
		99DFCD2D24E58C3A009B196A /* Supporting */ = {
			isa = PBXGroup;
			children = (
				99DFCCFA24E58B28009B196A /* AppDelegate.swift */,
				99DFCCFC24E58B28009B196A /* SceneDelegate.swift */,
				99DFCD0024E58B28009B196A /* Main.storyboard */,
				99DFCD0324E58B2A009B196A /* Assets.xcassets */,
				99DFCD0524E58B2A009B196A /* LaunchScreen.storyboard */,
			);
			path = Supporting;
			sourceTree = "<group>";
		};
		99DFCD3024E58CDF009B196A /* Model */ = {
			isa = PBXGroup;
			children = (
				99DFCD2E24E58CD9009B196A /* TaskTests.swift */,
				99DFCD3524E59172009B196A /* LocationTests.swift */,
			);
			path = Model;
			sourceTree = "<group>";
		};
/* End PBXGroup section */

/* Begin PBXNativeTarget section */
		99DFCCF624E58B28009B196A /* ToDoApp */ = {
			isa = PBXNativeTarget;
			buildConfigurationList = 99DFCD2124E58B2A009B196A /* Build configuration list for PBXNativeTarget "ToDoApp" */;
			buildPhases = (
				99DFCCF324E58B28009B196A /* Sources */,
				99DFCCF424E58B28009B196A /* Frameworks */,
				99DFCCF524E58B28009B196A /* Resources */,
			);
			buildRules = (
			);
			dependencies = (
			);
			name = ToDoApp;
			productName = ToDoApp;
			productReference = 99DFCCF724E58B28009B196A /* ToDoApp.app */;
			productType = "com.apple.product-type.application";
		};
		99DFCD0C24E58B2A009B196A /* ToDoAppTests */ = {
			isa = PBXNativeTarget;
			buildConfigurationList = 99DFCD2424E58B2A009B196A /* Build configuration list for PBXNativeTarget "ToDoAppTests" */;
			buildPhases = (
				99DFCD0924E58B2A009B196A /* Sources */,
				99DFCD0A24E58B2A009B196A /* Frameworks */,
				99DFCD0B24E58B2A009B196A /* Resources */,
			);
			buildRules = (
			);
			dependencies = (
				99DFCD0F24E58B2A009B196A /* PBXTargetDependency */,
			);
			name = ToDoAppTests;
			productName = ToDoAppTests;
			productReference = 99DFCD0D24E58B2A009B196A /* ToDoAppTests.xctest */;
			productType = "com.apple.product-type.bundle.unit-test";
		};
		99DFCD1724E58B2A009B196A /* ToDoAppUITests */ = {
			isa = PBXNativeTarget;
			buildConfigurationList = 99DFCD2724E58B2A009B196A /* Build configuration list for PBXNativeTarget "ToDoAppUITests" */;
			buildPhases = (
				99DFCD1424E58B2A009B196A /* Sources */,
				99DFCD1524E58B2A009B196A /* Frameworks */,
				99DFCD1624E58B2A009B196A /* Resources */,
			);
			buildRules = (
			);
			dependencies = (
				99DFCD1A24E58B2A009B196A /* PBXTargetDependency */,
			);
			name = ToDoAppUITests;
			productName = ToDoAppUITests;
			productReference = 99DFCD1824E58B2A009B196A /* ToDoAppUITests.xctest */;
			productType = "com.apple.product-type.bundle.ui-testing";
		};
/* End PBXNativeTarget section */

/* Begin PBXProject section */
		99DFCCEF24E58B28009B196A /* Project object */ = {
			isa = PBXProject;
			attributes = {
				LastSwiftUpdateCheck = 1150;
				LastUpgradeCheck = 1150;
				ORGANIZATIONNAME = "Павел Кузин";
				TargetAttributes = {
					99DFCCF624E58B28009B196A = {
						CreatedOnToolsVersion = 11.5;
					};
					99DFCD0C24E58B2A009B196A = {
						CreatedOnToolsVersion = 11.5;
						TestTargetID = 99DFCCF624E58B28009B196A;
					};
					99DFCD1724E58B2A009B196A = {
						CreatedOnToolsVersion = 11.5;
						TestTargetID = 99DFCCF624E58B28009B196A;
					};
				};
			};
			buildConfigurationList = 99DFCCF224E58B28009B196A /* Build configuration list for PBXProject "ToDoApp" */;
			compatibilityVersion = "Xcode 9.3";
			developmentRegion = en;
			hasScannedForEncodings = 0;
			knownRegions = (
				en,
				Base,
			);
			mainGroup = 99DFCCEE24E58B28009B196A;
			productRefGroup = 99DFCCF824E58B28009B196A /* Products */;
			projectDirPath = "";
			projectRoot = "";
			targets = (
				99DFCCF624E58B28009B196A /* ToDoApp */,
				99DFCD0C24E58B2A009B196A /* ToDoAppTests */,
				99DFCD1724E58B2A009B196A /* ToDoAppUITests */,
			);
		};
/* End PBXProject section */

/* Begin PBXResourcesBuildPhase section */
		99DFCCF524E58B28009B196A /* Resources */ = {
			isa = PBXResourcesBuildPhase;
			buildActionMask = 2147483647;
			files = (
				99DFCD0724E58B2A009B196A /* LaunchScreen.storyboard in Resources */,
				99DFCD0424E58B2A009B196A /* Assets.xcassets in Resources */,
				99DFCD0224E58B28009B196A /* Main.storyboard in Resources */,
			);
			runOnlyForDeploymentPostprocessing = 0;
		};
		99DFCD0B24E58B2A009B196A /* Resources */ = {
			isa = PBXResourcesBuildPhase;
			buildActionMask = 2147483647;
			files = (
			);
			runOnlyForDeploymentPostprocessing = 0;
		};
		99DFCD1624E58B2A009B196A /* Resources */ = {
			isa = PBXResourcesBuildPhase;
			buildActionMask = 2147483647;
			files = (
			);
			runOnlyForDeploymentPostprocessing = 0;
		};
/* End PBXResourcesBuildPhase section */

/* Begin PBXSourcesBuildPhase section */
		99DFCCF324E58B28009B196A /* Sources */ = {
			isa = PBXSourcesBuildPhase;
			buildActionMask = 2147483647;
			files = (
				99DFCD3224E58D73009B196A /* Task.swift in Sources */,
				99DFCCFF24E58B28009B196A /* ViewController.swift in Sources */,
				99DFCD3424E59062009B196A /* Location.swift in Sources */,
				99DFCCFB24E58B28009B196A /* AppDelegate.swift in Sources */,
				99DFCCFD24E58B28009B196A /* SceneDelegate.swift in Sources */,
			);
			runOnlyForDeploymentPostprocessing = 0;
		};
		99DFCD0924E58B2A009B196A /* Sources */ = {
			isa = PBXSourcesBuildPhase;
			buildActionMask = 2147483647;
			files = (
				99DFCD2F24E58CD9009B196A /* TaskTests.swift in Sources */,
				99DFCD3624E59172009B196A /* LocationTests.swift in Sources */,
				99DFCD1224E58B2A009B196A /* ToDoAppTests.swift in Sources */,
			);
			runOnlyForDeploymentPostprocessing = 0;
		};
		99DFCD1424E58B2A009B196A /* Sources */ = {
			isa = PBXSourcesBuildPhase;
			buildActionMask = 2147483647;
			files = (
				99DFCD1D24E58B2A009B196A /* ToDoAppUITests.swift in Sources */,
			);
			runOnlyForDeploymentPostprocessing = 0;
		};
/* End PBXSourcesBuildPhase section */

/* Begin PBXTargetDependency section */
		99DFCD0F24E58B2A009B196A /* PBXTargetDependency */ = {
			isa = PBXTargetDependency;
			target = 99DFCCF624E58B28009B196A /* ToDoApp */;
			targetProxy = 99DFCD0E24E58B2A009B196A /* PBXContainerItemProxy */;
		};
		99DFCD1A24E58B2A009B196A /* PBXTargetDependency */ = {
			isa = PBXTargetDependency;
			target = 99DFCCF624E58B28009B196A /* ToDoApp */;
			targetProxy = 99DFCD1924E58B2A009B196A /* PBXContainerItemProxy */;
		};
/* End PBXTargetDependency section */

/* Begin PBXVariantGroup section */
		99DFCD0024E58B28009B196A /* Main.storyboard */ = {
			isa = PBXVariantGroup;
			children = (
				99DFCD0124E58B28009B196A /* Base */,
			);
			name = Main.storyboard;
			sourceTree = "<group>";
		};
		99DFCD0524E58B2A009B196A /* LaunchScreen.storyboard */ = {
			isa = PBXVariantGroup;
			children = (
				99DFCD0624E58B2A009B196A /* Base */,
			);
			name = LaunchScreen.storyboard;
			sourceTree = "<group>";
		};
/* End PBXVariantGroup section */

/* Begin XCBuildConfiguration section */
		99DFCD1F24E58B2A009B196A /* Debug */ = {
			isa = XCBuildConfiguration;
			buildSettings = {
				ALWAYS_SEARCH_USER_PATHS = NO;
				CLANG_ANALYZER_NONNULL = YES;
				CLANG_ANALYZER_NUMBER_OBJECT_CONVERSION = YES_AGGRESSIVE;
				CLANG_CXX_LANGUAGE_STANDARD = "gnu++14";
				CLANG_CXX_LIBRARY = "libc++";
				CLANG_ENABLE_MODULES = YES;
				CLANG_ENABLE_OBJC_ARC = YES;
				CLANG_ENABLE_OBJC_WEAK = YES;
				CLANG_WARN_BLOCK_CAPTURE_AUTORELEASING = YES;
				CLANG_WARN_BOOL_CONVERSION = YES;
				CLANG_WARN_COMMA = YES;
				CLANG_WARN_CONSTANT_CONVERSION = YES;
				CLANG_WARN_DEPRECATED_OBJC_IMPLEMENTATIONS = YES;
				CLANG_WARN_DIRECT_OBJC_ISA_USAGE = YES_ERROR;
				CLANG_WARN_DOCUMENTATION_COMMENTS = YES;
				CLANG_WARN_EMPTY_BODY = YES;
				CLANG_WARN_ENUM_CONVERSION = YES;
				CLANG_WARN_INFINITE_RECURSION = YES;
				CLANG_WARN_INT_CONVERSION = YES;
				CLANG_WARN_NON_LITERAL_NULL_CONVERSION = YES;
				CLANG_WARN_OBJC_IMPLICIT_RETAIN_SELF = YES;
				CLANG_WARN_OBJC_LITERAL_CONVERSION = YES;
				CLANG_WARN_OBJC_ROOT_CLASS = YES_ERROR;
				CLANG_WARN_RANGE_LOOP_ANALYSIS = YES;
				CLANG_WARN_STRICT_PROTOTYPES = YES;
				CLANG_WARN_SUSPICIOUS_MOVE = YES;
				CLANG_WARN_UNGUARDED_AVAILABILITY = YES_AGGRESSIVE;
				CLANG_WARN_UNREACHABLE_CODE = YES;
				CLANG_WARN__DUPLICATE_METHOD_MATCH = YES;
				COPY_PHASE_STRIP = NO;
				DEBUG_INFORMATION_FORMAT = dwarf;
				ENABLE_STRICT_OBJC_MSGSEND = YES;
				ENABLE_TESTABILITY = YES;
				GCC_C_LANGUAGE_STANDARD = gnu11;
				GCC_DYNAMIC_NO_PIC = NO;
				GCC_NO_COMMON_BLOCKS = YES;
				GCC_OPTIMIZATION_LEVEL = 0;
				GCC_PREPROCESSOR_DEFINITIONS = (
					"DEBUG=1",
					"$(inherited)",
				);
				GCC_WARN_64_TO_32_BIT_CONVERSION = YES;
				GCC_WARN_ABOUT_RETURN_TYPE = YES_ERROR;
				GCC_WARN_UNDECLARED_SELECTOR = YES;
				GCC_WARN_UNINITIALIZED_AUTOS = YES_AGGRESSIVE;
				GCC_WARN_UNUSED_FUNCTION = YES;
				GCC_WARN_UNUSED_VARIABLE = YES;
				IPHONEOS_DEPLOYMENT_TARGET = 13.5;
				MTL_ENABLE_DEBUG_INFO = INCLUDE_SOURCE;
				MTL_FAST_MATH = YES;
				ONLY_ACTIVE_ARCH = YES;
				SDKROOT = iphoneos;
				SWIFT_ACTIVE_COMPILATION_CONDITIONS = DEBUG;
				SWIFT_OPTIMIZATION_LEVEL = "-Onone";
			};
			name = Debug;
		};
		99DFCD2024E58B2A009B196A /* Release */ = {
			isa = XCBuildConfiguration;
			buildSettings = {
				ALWAYS_SEARCH_USER_PATHS = NO;
				CLANG_ANALYZER_NONNULL = YES;
				CLANG_ANALYZER_NUMBER_OBJECT_CONVERSION = YES_AGGRESSIVE;
				CLANG_CXX_LANGUAGE_STANDARD = "gnu++14";
				CLANG_CXX_LIBRARY = "libc++";
				CLANG_ENABLE_MODULES = YES;
				CLANG_ENABLE_OBJC_ARC = YES;
				CLANG_ENABLE_OBJC_WEAK = YES;
				CLANG_WARN_BLOCK_CAPTURE_AUTORELEASING = YES;
				CLANG_WARN_BOOL_CONVERSION = YES;
				CLANG_WARN_COMMA = YES;
				CLANG_WARN_CONSTANT_CONVERSION = YES;
				CLANG_WARN_DEPRECATED_OBJC_IMPLEMENTATIONS = YES;
				CLANG_WARN_DIRECT_OBJC_ISA_USAGE = YES_ERROR;
				CLANG_WARN_DOCUMENTATION_COMMENTS = YES;
				CLANG_WARN_EMPTY_BODY = YES;
				CLANG_WARN_ENUM_CONVERSION = YES;
				CLANG_WARN_INFINITE_RECURSION = YES;
				CLANG_WARN_INT_CONVERSION = YES;
				CLANG_WARN_NON_LITERAL_NULL_CONVERSION = YES;
				CLANG_WARN_OBJC_IMPLICIT_RETAIN_SELF = YES;
				CLANG_WARN_OBJC_LITERAL_CONVERSION = YES;
				CLANG_WARN_OBJC_ROOT_CLASS = YES_ERROR;
				CLANG_WARN_RANGE_LOOP_ANALYSIS = YES;
				CLANG_WARN_STRICT_PROTOTYPES = YES;
				CLANG_WARN_SUSPICIOUS_MOVE = YES;
				CLANG_WARN_UNGUARDED_AVAILABILITY = YES_AGGRESSIVE;
				CLANG_WARN_UNREACHABLE_CODE = YES;
				CLANG_WARN__DUPLICATE_METHOD_MATCH = YES;
				COPY_PHASE_STRIP = NO;
				DEBUG_INFORMATION_FORMAT = "dwarf-with-dsym";
				ENABLE_NS_ASSERTIONS = NO;
				ENABLE_STRICT_OBJC_MSGSEND = YES;
				GCC_C_LANGUAGE_STANDARD = gnu11;
				GCC_NO_COMMON_BLOCKS = YES;
				GCC_WARN_64_TO_32_BIT_CONVERSION = YES;
				GCC_WARN_ABOUT_RETURN_TYPE = YES_ERROR;
				GCC_WARN_UNDECLARED_SELECTOR = YES;
				GCC_WARN_UNINITIALIZED_AUTOS = YES_AGGRESSIVE;
				GCC_WARN_UNUSED_FUNCTION = YES;
				GCC_WARN_UNUSED_VARIABLE = YES;
				IPHONEOS_DEPLOYMENT_TARGET = 13.5;
				MTL_ENABLE_DEBUG_INFO = NO;
				MTL_FAST_MATH = YES;
				SDKROOT = iphoneos;
				SWIFT_COMPILATION_MODE = wholemodule;
				SWIFT_OPTIMIZATION_LEVEL = "-O";
				VALIDATE_PRODUCT = YES;
			};
			name = Release;
		};
		99DFCD2224E58B2A009B196A /* Debug */ = {
			isa = XCBuildConfiguration;
			buildSettings = {
				ASSETCATALOG_COMPILER_APPICON_NAME = AppIcon;
				CODE_SIGN_STYLE = Automatic;
				DEVELOPMENT_TEAM = JJC3HHT8LN;
				INFOPLIST_FILE = ToDoApp/Info.plist;
				LD_RUNPATH_SEARCH_PATHS = (
					"$(inherited)",
					"@executable_path/Frameworks",
				);
				PRODUCT_BUNDLE_IDENTIFIER = ru.polykuzin.ToDoApp;
				PRODUCT_NAME = "$(TARGET_NAME)";
				SWIFT_VERSION = 5.0;
				TARGETED_DEVICE_FAMILY = "1,2";
			};
			name = Debug;
		};
		99DFCD2324E58B2A009B196A /* Release */ = {
			isa = XCBuildConfiguration;
			buildSettings = {
				ASSETCATALOG_COMPILER_APPICON_NAME = AppIcon;
				CODE_SIGN_STYLE = Automatic;
				DEVELOPMENT_TEAM = JJC3HHT8LN;
				INFOPLIST_FILE = ToDoApp/Info.plist;
				LD_RUNPATH_SEARCH_PATHS = (
					"$(inherited)",
					"@executable_path/Frameworks",
				);
				PRODUCT_BUNDLE_IDENTIFIER = ru.polykuzin.ToDoApp;
				PRODUCT_NAME = "$(TARGET_NAME)";
				SWIFT_VERSION = 5.0;
				TARGETED_DEVICE_FAMILY = "1,2";
			};
			name = Release;
		};
		99DFCD2524E58B2A009B196A /* Debug */ = {
			isa = XCBuildConfiguration;
			buildSettings = {
				ALWAYS_EMBED_SWIFT_STANDARD_LIBRARIES = YES;
				BUNDLE_LOADER = "$(TEST_HOST)";
				CODE_SIGN_STYLE = Automatic;
				DEVELOPMENT_TEAM = JJC3HHT8LN;
				INFOPLIST_FILE = ToDoAppTests/Info.plist;
				IPHONEOS_DEPLOYMENT_TARGET = 13.5;
				LD_RUNPATH_SEARCH_PATHS = (
					"$(inherited)",
					"@executable_path/Frameworks",
					"@loader_path/Frameworks",
				);
				PRODUCT_BUNDLE_IDENTIFIER = ru.polykuzin.ToDoAppTests;
				PRODUCT_NAME = "$(TARGET_NAME)";
				SWIFT_VERSION = 5.0;
				TARGETED_DEVICE_FAMILY = "1,2";
				TEST_HOST = "$(BUILT_PRODUCTS_DIR)/ToDoApp.app/ToDoApp";
			};
			name = Debug;
		};
		99DFCD2624E58B2A009B196A /* Release */ = {
			isa = XCBuildConfiguration;
			buildSettings = {
				ALWAYS_EMBED_SWIFT_STANDARD_LIBRARIES = YES;
				BUNDLE_LOADER = "$(TEST_HOST)";
				CODE_SIGN_STYLE = Automatic;
				DEVELOPMENT_TEAM = JJC3HHT8LN;
				INFOPLIST_FILE = ToDoAppTests/Info.plist;
				IPHONEOS_DEPLOYMENT_TARGET = 13.5;
				LD_RUNPATH_SEARCH_PATHS = (
					"$(inherited)",
					"@executable_path/Frameworks",
					"@loader_path/Frameworks",
				);
				PRODUCT_BUNDLE_IDENTIFIER = ru.polykuzin.ToDoAppTests;
				PRODUCT_NAME = "$(TARGET_NAME)";
				SWIFT_VERSION = 5.0;
				TARGETED_DEVICE_FAMILY = "1,2";
				TEST_HOST = "$(BUILT_PRODUCTS_DIR)/ToDoApp.app/ToDoApp";
			};
			name = Release;
		};
		99DFCD2824E58B2A009B196A /* Debug */ = {
			isa = XCBuildConfiguration;
			buildSettings = {
				ALWAYS_EMBED_SWIFT_STANDARD_LIBRARIES = YES;
				CODE_SIGN_STYLE = Automatic;
				DEVELOPMENT_TEAM = JJC3HHT8LN;
				INFOPLIST_FILE = ToDoAppUITests/Info.plist;
				LD_RUNPATH_SEARCH_PATHS = (
					"$(inherited)",
					"@executable_path/Frameworks",
					"@loader_path/Frameworks",
				);
				PRODUCT_BUNDLE_IDENTIFIER = ru.polykuzin.ToDoAppUITests;
				PRODUCT_NAME = "$(TARGET_NAME)";
				SWIFT_VERSION = 5.0;
				TARGETED_DEVICE_FAMILY = "1,2";
				TEST_TARGET_NAME = ToDoApp;
			};
			name = Debug;
		};
		99DFCD2924E58B2A009B196A /* Release */ = {
			isa = XCBuildConfiguration;
			buildSettings = {
				ALWAYS_EMBED_SWIFT_STANDARD_LIBRARIES = YES;
				CODE_SIGN_STYLE = Automatic;
				DEVELOPMENT_TEAM = JJC3HHT8LN;
				INFOPLIST_FILE = ToDoAppUITests/Info.plist;
				LD_RUNPATH_SEARCH_PATHS = (
					"$(inherited)",
					"@executable_path/Frameworks",
					"@loader_path/Frameworks",
				);
				PRODUCT_BUNDLE_IDENTIFIER = ru.polykuzin.ToDoAppUITests;
				PRODUCT_NAME = "$(TARGET_NAME)";
				SWIFT_VERSION = 5.0;
				TARGETED_DEVICE_FAMILY = "1,2";
				TEST_TARGET_NAME = ToDoApp;
			};
			name = Release;
		};
/* End XCBuildConfiguration section */

/* Begin XCConfigurationList section */
		99DFCCF224E58B28009B196A /* Build configuration list for PBXProject "ToDoApp" */ = {
			isa = XCConfigurationList;
			buildConfigurations = (
				99DFCD1F24E58B2A009B196A /* Debug */,
				99DFCD2024E58B2A009B196A /* Release */,
			);
			defaultConfigurationIsVisible = 0;
			defaultConfigurationName = Release;
		};
		99DFCD2124E58B2A009B196A /* Build configuration list for PBXNativeTarget "ToDoApp" */ = {
			isa = XCConfigurationList;
			buildConfigurations = (
				99DFCD2224E58B2A009B196A /* Debug */,
				99DFCD2324E58B2A009B196A /* Release */,
			);
			defaultConfigurationIsVisible = 0;
			defaultConfigurationName = Release;
		};
		99DFCD2424E58B2A009B196A /* Build configuration list for PBXNativeTarget "ToDoAppTests" */ = {
			isa = XCConfigurationList;
			buildConfigurations = (
				99DFCD2524E58B2A009B196A /* Debug */,
				99DFCD2624E58B2A009B196A /* Release */,
			);
			defaultConfigurationIsVisible = 0;
			defaultConfigurationName = Release;
		};
		99DFCD2724E58B2A009B196A /* Build configuration list for PBXNativeTarget "ToDoAppUITests" */ = {
			isa = XCConfigurationList;
			buildConfigurations = (
				99DFCD2824E58B2A009B196A /* Debug */,
				99DFCD2924E58B2A009B196A /* Release */,
			);
			defaultConfigurationIsVisible = 0;
			defaultConfigurationName = Release;
		};
/* End XCConfigurationList section */
	};
	rootObject = 99DFCCEF24E58B28009B196A /* Project object */;
}
